
Microsoft Visual Studio Solution File, Format Version 12.00
# Visual Studio 15
VisualStudioVersion = 15.0.28307.168
MinimumVisualStudioVersion = 10.0.40219.1
Project("{FAE04EC0-301F-11D3-BF4B-00C04F79EFBC}") = "GameOfLife", "GameOfLife.csproj", "{58D0BB57-47D3-446C-A21C-916A22431983}"
EndProject
Global
	GlobalSection(SolutionConfigurationPlatforms) = preSolution
		Debug|Any CPU = Debug|Any CPU
		Release|Any CPU = Release|Any CPU
	EndGlobalSection
	GlobalSection(ProjectConfigurationPlatforms) = postSolution
		{58D0BB57-47D3-446C-A21C-916A22431983}.Debug|Any CPU.ActiveCfg = Debug|Any CPU
		{58D0BB57-47D3-446C-A21C-916A22431983}.Debug|Any CPU.Build.0 = Debug|Any CPU
		{58D0BB57-47D3-446C-A21C-916A22431983}.Release|Any CPU.ActiveCfg = Release|Any CPU
		{58D0BB57-47D3-446C-A21C-916A22431983}.Release|Any CPU.Build.0 = Release|Any CPU
	EndGlobalSection
	GlobalSection(SolutionProperties) = preSolution
		HideSolutionNode = FALSE
	EndGlobalSection
	GlobalSection(ExtensibilityGlobals) = postSolution
		SolutionGuid = {15555F5B-99AD-4DA8-84A4-0AF23D5ECFD0}
	EndGlobalSection
EndGlobal
